
Microsoft Visual Studio Solution File, Format Version 12.00
# Visual Studio 15
VisualStudioVersion = 15.0.28307.271
MinimumVisualStudioVersion = 10.0.40219.1
Project("{FAE04EC0-301F-11D3-BF4B-00C04F79EFBC}") = "ConsoleApp1", "ConsoleApp1\ConsoleApp1.csproj", "{EEE54C56-1A59-42CE-92C9-6045258E5E97}"
EndProject
Global
	GlobalSection(SolutionConfigurationPlatforms) = preSolution
		Debug|Any CPU = Debug|Any CPU
		Release|Any CPU = Release|Any CPU
	EndGlobalSection
	GlobalSection(ProjectConfigurationPlatforms) = postSolution
		{EEE54C56-1A59-42CE-92C9-6045258E5E97}.Debug|Any CPU.ActiveCfg = Debug|Any CPU
		{EEE54C56-1A59-42CE-92C9-6045258E5E97}.Debug|Any CPU.Build.0 = Debug|Any CPU
		{EEE54C56-1A59-42CE-92C9-6045258E5E97}.Release|Any CPU.ActiveCfg = Release|Any CPU
		{EEE54C56-1A59-42CE-92C9-6045258E5E97}.Release|Any CPU.Build.0 = Release|Any CPU
	EndGlobalSection
	GlobalSection(SolutionProperties) = preSolution
		HideSolutionNode = FALSE
	EndGlobalSection
	GlobalSection(ExtensibilityGlobals) = postSolution
		SolutionGuid = {1CC62347-A2BD-4AAD-957D-ECEE3EA6AEAE}
	EndGlobalSection
EndGlobal
