
Microsoft Visual Studio Solution File, Format Version 12.00
# Visual Studio Version 16
VisualStudioVersion = 16.0.30320.27
MinimumVisualStudioVersion = 10.0.40219.1
Project("{FAE04EC0-301F-11D3-BF4B-00C04F79EFBC}") = "MVCNewsLetterAppEntityFramework", "MVCNewsLetterAppEntityFramework\MVCNewsLetterAppEntityFramework.csproj", "{27AACF51-DEE5-416D-813E-CB3E7142E81F}"
EndProject
Global
	GlobalSection(SolutionConfigurationPlatforms) = preSolution
		Debug|Any CPU = Debug|Any CPU
		Release|Any CPU = Release|Any CPU
	EndGlobalSection
	GlobalSection(ProjectConfigurationPlatforms) = postSolution
		{27AACF51-DEE5-416D-813E-CB3E7142E81F}.Debug|Any CPU.ActiveCfg = Debug|Any CPU
		{27AACF51-DEE5-416D-813E-CB3E7142E81F}.Debug|Any CPU.Build.0 = Debug|Any CPU
		{27AACF51-DEE5-416D-813E-CB3E7142E81F}.Release|Any CPU.ActiveCfg = Release|Any CPU
		{27AACF51-DEE5-416D-813E-CB3E7142E81F}.Release|Any CPU.Build.0 = Release|Any CPU
	EndGlobalSection
	GlobalSection(SolutionProperties) = preSolution
		HideSolutionNode = FALSE
	EndGlobalSection
	GlobalSection(ExtensibilityGlobals) = postSolution
		SolutionGuid = {AC910553-6FA8-4DFC-A357-1A76540A8141}
	EndGlobalSection
EndGlobal
