
Microsoft Visual Studio Solution File, Format Version 12.00
# Visual Studio Version 16
VisualStudioVersion = 16.0.30320.27
MinimumVisualStudioVersion = 10.0.40219.1
Project("{FAE04EC0-301F-11D3-BF4B-00C04F79EFBC}") = "LinQ Example", "LinQ Example\LinQ Example.csproj", "{6436AA2E-2981-4526-A791-8C69A4DAFD6D}"
EndProject
Global
	GlobalSection(SolutionConfigurationPlatforms) = preSolution
		Debug|Any CPU = Debug|Any CPU
		Release|Any CPU = Release|Any CPU
	EndGlobalSection
	GlobalSection(ProjectConfigurationPlatforms) = postSolution
		{6436AA2E-2981-4526-A791-8C69A4DAFD6D}.Debug|Any CPU.ActiveCfg = Debug|Any CPU
		{6436AA2E-2981-4526-A791-8C69A4DAFD6D}.Debug|Any CPU.Build.0 = Debug|Any CPU
		{6436AA2E-2981-4526-A791-8C69A4DAFD6D}.Release|Any CPU.ActiveCfg = Release|Any CPU
		{6436AA2E-2981-4526-A791-8C69A4DAFD6D}.Release|Any CPU.Build.0 = Release|Any CPU
	EndGlobalSection
	GlobalSection(SolutionProperties) = preSolution
		HideSolutionNode = FALSE
	EndGlobalSection
	GlobalSection(ExtensibilityGlobals) = postSolution
		SolutionGuid = {CF00E05C-921A-46E7-AD42-E893D9FB8ACA}
	EndGlobalSection
EndGlobal
